
Microsoft Visual Studio Solution File, Format Version 12.00
# Visual Studio Version 16
VisualStudioVersion = 16.0.32901.82
MinimumVisualStudioVersion = 10.0.40219.1
Project("{8BC9CEB8-8B4A-11D0-8D11-00A0C91BC942}") = "Ch2_HW6", "Ch2_HW6\Ch2_HW6.vcxproj", "{DC6ABE81-22DA-429E-89BF-6D4133CF9D7B}"
EndProject
Global
	GlobalSection(SolutionConfigurationPlatforms) = preSolution
		Debug|x64 = Debug|x64
		Debug|x86 = Debug|x86
		Release|x64 = Release|x64
		Release|x86 = Release|x86
	EndGlobalSection
	GlobalSection(ProjectConfigurationPlatforms) = postSolution
		{DC6ABE81-22DA-429E-89BF-6D4133CF9D7B}.Debug|x64.ActiveCfg = Debug|x64
		{DC6ABE81-22DA-429E-89BF-6D4133CF9D7B}.Debug|x64.Build.0 = Debug|x64
		{DC6ABE81-22DA-429E-89BF-6D4133CF9D7B}.Debug|x86.ActiveCfg = Debug|Win32
		{DC6ABE81-22DA-429E-89BF-6D4133CF9D7B}.Debug|x86.Build.0 = Debug|Win32
		{DC6ABE81-22DA-429E-89BF-6D4133CF9D7B}.Release|x64.ActiveCfg = Release|x64
		{DC6ABE81-22DA-429E-89BF-6D4133CF9D7B}.Release|x64.Build.0 = Release|x64
		{DC6ABE81-22DA-429E-89BF-6D4133CF9D7B}.Release|x86.ActiveCfg = Release|Win32
		{DC6ABE81-22DA-429E-89BF-6D4133CF9D7B}.Release|x86.Build.0 = Release|Win32
	EndGlobalSection
	GlobalSection(SolutionProperties) = preSolution
		HideSolutionNode = FALSE
	EndGlobalSection
	GlobalSection(ExtensibilityGlobals) = postSolution
		SolutionGuid = {FCBBAF6F-B9DF-422D-BF5C-EEE7503B1BDF}
	EndGlobalSection
EndGlobal
